
Microsoft Visual Studio Solution File, Format Version 12.00
# Visual Studio Version 17
VisualStudioVersion = 17.5.001.0
MinimumVisualStudioVersion = 10.0.40219.1
Project("{FAE04EC0-301F-11D3-BF4B-00C04F79EFBC}") = "App.Api", "App.Api\App.Api.csproj", "{E71E9DF3-29A6-44AA-A76E-FA1C47510B9B}"
EndProject
Project("{FAE04EC0-301F-11D3-BF4B-00C04F79EFBC}") = "App.IntegrationTests", "App.IntegrationTests\App.IntegrationTests.csproj", "{89387A0A-968E-4E25-B630-1A8B61D62774}"
EndProject
Global
	GlobalSection(SolutionConfigurationPlatforms) = preSolution
		Debug|Any CPU = Debug|Any CPU
		Release|Any CPU = Release|Any CPU
	EndGlobalSection
	GlobalSection(ProjectConfigurationPlatforms) = postSolution
		{B397D4A4-BE4B-4EB5-A0CD-1CFB844410A6}.Debug|Any CPU.ActiveCfg = Debug|Any CPU
		{B397D4A4-BE4B-4EB5-A0CD-1CFB844410A6}.Debug|Any CPU.Build.0 = Debug|Any CPU
		{B397D4A4-BE4B-4EB5-A0CD-1CFB844410A6}.Release|Any CPU.ActiveCfg = Release|Any CPU
		{B397D4A4-BE4B-4EB5-A0CD-1CFB844410A6}.Release|Any CPU.Build.0 = Release|Any CPU
		{E71E9DF3-29A6-44AA-A76E-FA1C47510B9B}.Debug|Any CPU.ActiveCfg = Debug|Any CPU
		{E71E9DF3-29A6-44AA-A76E-FA1C47510B9B}.Debug|Any CPU.Build.0 = Debug|Any CPU
		{E71E9DF3-29A6-44AA-A76E-FA1C47510B9B}.Release|Any CPU.ActiveCfg = Release|Any CPU
		{E71E9DF3-29A6-44AA-A76E-FA1C47510B9B}.Release|Any CPU.Build.0 = Release|Any CPU
		{89387A0A-968E-4E25-B630-1A8B61D62774}.Debug|Any CPU.ActiveCfg = Debug|Any CPU
		{89387A0A-968E-4E25-B630-1A8B61D62774}.Debug|Any CPU.Build.0 = Debug|Any CPU
		{89387A0A-968E-4E25-B630-1A8B61D62774}.Release|Any CPU.ActiveCfg = Release|Any CPU
		{89387A0A-968E-4E25-B630-1A8B61D62774}.Release|Any CPU.Build.0 = Release|Any CPU
	EndGlobalSection
	GlobalSection(SolutionProperties) = preSolution
		HideSolutionNode = FALSE
	EndGlobalSection
	GlobalSection(ExtensibilityGlobals) = postSolution
		SolutionGuid = {7E9E92B3-19DA-4F62-B8D0-E8888DABE087}
	EndGlobalSection
EndGlobal
